Microsoft Visual Studio Solution File, Format Version 11.00
# Visual Studio 2008

Project("{B0FEFF47-E52D-1C71-DF22-0C5E658B745D}") = "The-City-Drone-Escape", "Assembly-CSharp.csproj", "{45E391E3-C448-0228-B6D4-1D2B2F296FC3}"
EndProject
Global
	GlobalSection(SolutionConfigurationPlatforms) = preSolution
		Debug|Any CPU = Debug|Any CPU
		Release|Any CPU = Release|Any CPU
	EndGlobalSection
	GlobalSection(ProjectConfigurationPlatforms) = postSolution
		{45E391E3-C448-0228-B6D4-1D2B2F296FC3}.Debug|Any CPU.ActiveCfg = Debug|Any CPU
		{45E391E3-C448-0228-B6D4-1D2B2F296FC3}.Debug|Any CPU.Build.0 = Debug|Any CPU
		{45E391E3-C448-0228-B6D4-1D2B2F296FC3}.Release|Any CPU.ActiveCfg = Release|Any CPU
		{45E391E3-C448-0228-B6D4-1D2B2F296FC3}.Release|Any CPU.Build.0 = Release|Any CPU
	EndGlobalSection
	GlobalSection(SolutionProperties) = preSolution
		HideSolutionNode = FALSE
	EndGlobalSection
	GlobalSection(MonoDevelopProperties) = preSolution
		StartupItem = Assembly-CSharp.csproj
	EndGlobalSection
EndGlobal
